
Microsoft Visual Studio Solution File, Format Version 12.00
# Visual Studio Version 17
VisualStudioVersion = 17.7.34031.279
MinimumVisualStudioVersion = 10.0.40219.1
Project("{FAE04EC0-301F-11D3-BF4B-00C04F79EFBC}") = "Warehouse", "Warehouse\Warehouse.csproj", "{495A2027-2252-4459-B75C-47D5C1619484}"
EndProject
Global
	GlobalSection(SolutionConfigurationPlatforms) = preSolution
		Debug|Any CPU = Debug|Any CPU
		Release|Any CPU = Release|Any CPU
	EndGlobalSection
	GlobalSection(ProjectConfigurationPlatforms) = postSolution
		{495A2027-2252-4459-B75C-47D5C1619484}.Debug|Any CPU.ActiveCfg = Debug|Any CPU
		{495A2027-2252-4459-B75C-47D5C1619484}.Debug|Any CPU.Build.0 = Debug|Any CPU
		{495A2027-2252-4459-B75C-47D5C1619484}.Release|Any CPU.ActiveCfg = Release|Any CPU
		{495A2027-2252-4459-B75C-47D5C1619484}.Release|Any CPU.Build.0 = Release|Any CPU
	EndGlobalSection
	GlobalSection(SolutionProperties) = preSolution
		HideSolutionNode = FALSE
	EndGlobalSection
	GlobalSection(ExtensibilityGlobals) = postSolution
		SolutionGuid = {B748722C-8D96-427E-9A70-59B7DC8351E7}
	EndGlobalSection
EndGlobal
